
Microsoft Visual Studio Solution File, Format Version 12.00
# Visual Studio Version 17
VisualStudioVersion = 17.6.33815.320
MinimumVisualStudioVersion = 10.0.40219.1
Project("{9A19103F-16F7-4668-BE54-9A1E7A4F7556}") = "BulkyWeb", "BulkyWeb\BulkyWeb.csproj", "{9E2D9324-19DF-47A6-B932-2D862ECF5DFF}"
EndProject
Project("{9A19103F-16F7-4668-BE54-9A1E7A4F7556}") = "BulkyRazor", "BulkyRazor\BulkyRazor.csproj", "{EEB013BD-0C46-4961-A98B-7205EE5FCEA7}"
EndProject
Global
	GlobalSection(SolutionConfigurationPlatforms) = preSolution
		Debug|Any CPU = Debug|Any CPU
		Release|Any CPU = Release|Any CPU
	EndGlobalSection
	GlobalSection(ProjectConfigurationPlatforms) = postSolution
		{9E2D9324-19DF-47A6-B932-2D862ECF5DFF}.Debug|Any CPU.ActiveCfg = Debug|Any CPU
		{9E2D9324-19DF-47A6-B932-2D862ECF5DFF}.Debug|Any CPU.Build.0 = Debug|Any CPU
		{9E2D9324-19DF-47A6-B932-2D862ECF5DFF}.Release|Any CPU.ActiveCfg = Release|Any CPU
		{9E2D9324-19DF-47A6-B932-2D862ECF5DFF}.Release|Any CPU.Build.0 = Release|Any CPU
		{EEB013BD-0C46-4961-A98B-7205EE5FCEA7}.Debug|Any CPU.ActiveCfg = Debug|Any CPU
		{EEB013BD-0C46-4961-A98B-7205EE5FCEA7}.Debug|Any CPU.Build.0 = Debug|Any CPU
		{EEB013BD-0C46-4961-A98B-7205EE5FCEA7}.Release|Any CPU.ActiveCfg = Release|Any CPU
		{EEB013BD-0C46-4961-A98B-7205EE5FCEA7}.Release|Any CPU.Build.0 = Release|Any CPU
	EndGlobalSection
	GlobalSection(SolutionProperties) = preSolution
		HideSolutionNode = FALSE
	EndGlobalSection
	GlobalSection(ExtensibilityGlobals) = postSolution
		SolutionGuid = {77B9F8BC-A89D-4533-AC1F-A7AD7F350AB7}
	EndGlobalSection
EndGlobal
